
Microsoft Visual Studio Solution File, Format Version 12.00
# Visual Studio Version 17
VisualStudioVersion = 17.5.002.0
MinimumVisualStudioVersion = 10.0.40219.1
Project("{2150E333-8FDC-42A3-9474-1A3956D46DE8}") = "csharp-prep", "csharp-prep", "{2A542317-2905-4B50-A1F8-4DA6B2BBCC46}"
EndProject
Project("{9A19103F-16F7-4668-BE54-9A1E7A4F7556}") = "Prep1", "csharp-prep\Prep1\Prep1.csproj", "{55C01619-E6ED-421A-815A-F0D56100A01B}"
EndProject
Project("{9A19103F-16F7-4668-BE54-9A1E7A4F7556}") = "Prep2", "csharp-prep\Prep2\Prep2.csproj", "{2B944CE4-EFC7-4BDA-A203-5D23F3F3781F}"
EndProject
Project("{9A19103F-16F7-4668-BE54-9A1E7A4F7556}") = "Prep3", "csharp-prep\Prep3\Prep3.csproj", "{BDF2B602-F497-49BF-8AF8-3300EFE55269}"
EndProject
Project("{9A19103F-16F7-4668-BE54-9A1E7A4F7556}") = "Prep4", "csharp-prep\Prep4\Prep4.csproj", "{5A481357-10B8-42F5-9F72-B70F41752CF9}"
EndProject
Project("{9A19103F-16F7-4668-BE54-9A1E7A4F7556}") = "Prep5", "csharp-prep\Prep5\Prep5.csproj", "{EB10C992-8445-4DEB-A04E-6E335B2DB122}"
EndProject
Project("{2150E333-8FDC-42A3-9474-1A3956D46DE8}") = "final", "final", "{57A3380E-DB61-45F2-A293-F85B435E67F9}"
EndProject
Project("{9A19103F-16F7-4668-BE54-9A1E7A4F7556}") = "FinalProject", "final\FinalProject\FinalProject.csproj", "{F99DC8C7-B644-4B9D-B937-1EC0F21C824A}"
EndProject
Project("{9A19103F-16F7-4668-BE54-9A1E7A4F7556}") = "Foundation1", "final\Foundation1\Foundation1.csproj", "{1B08B5DF-516A-4872-AF93-EFE7BF12CE78}"
EndProject
Project("{9A19103F-16F7-4668-BE54-9A1E7A4F7556}") = "Foundation2", "final\Foundation2\Foundation2.csproj", "{B51EEA77-5213-4745-9BEE-935CE63962E9}"
EndProject
Project("{9A19103F-16F7-4668-BE54-9A1E7A4F7556}") = "Foundation3", "final\Foundation3\Foundation3.csproj", "{55391C21-4315-4F76-AC3A-72C4E614D2EE}"
EndProject
Project("{9A19103F-16F7-4668-BE54-9A1E7A4F7556}") = "Foundation4", "final\Foundation4\Foundation4.csproj", "{44C8574A-F57B-42D9-B8DD-1B451EBFE31C}"
EndProject
Project("{2150E333-8FDC-42A3-9474-1A3956D46DE8}") = "prepare", "prepare", "{AC23D811-61FE-4EDF-80AE-11A00A4750D5}"
EndProject
Project("{9A19103F-16F7-4668-BE54-9A1E7A4F7556}") = "Learning02", "prepare\Learning02\Learning02.csproj", "{6432678F-FDB7-468D-AA65-1F631919B4B7}"
EndProject
Project("{9A19103F-16F7-4668-BE54-9A1E7A4F7556}") = "Learning03", "prepare\Learning03\Learning03.csproj", "{CBE91B9B-1B42-45EA-9B5E-5E4A5765780C}"
EndProject
Project("{9A19103F-16F7-4668-BE54-9A1E7A4F7556}") = "Learning04", "prepare\Learning04\Learning04.csproj", "{CC43F7D9-C439-4C3A-B510-CE903D1ABAEB}"
EndProject
Project("{9A19103F-16F7-4668-BE54-9A1E7A4F7556}") = "Learning05", "prepare\Learning05\Learning05.csproj", "{E3DA31AF-CA75-4B86-8C84-630ECFAC93C3}"
EndProject
Project("{2150E333-8FDC-42A3-9474-1A3956D46DE8}") = "prove", "prove", "{BC3AC7DD-B5E5-45C3-A0E8-E98CD3CEF533}"
EndProject
Project("{9A19103F-16F7-4668-BE54-9A1E7A4F7556}") = "Develop02", "prove\Develop02\Develop02.csproj", "{E9768237-DFD2-47BF-9D53-BBC84FB8C858}"
EndProject
Project("{9A19103F-16F7-4668-BE54-9A1E7A4F7556}") = "Develop03", "prove\Develop03\Develop03.csproj", "{D028575A-8AA6-490D-B31E-294860844A41}"
EndProject
Project("{9A19103F-16F7-4668-BE54-9A1E7A4F7556}") = "Develop04", "prove\Develop04\Develop04.csproj", "{651E9E78-20E5-41DE-9AAC-FFC88E8DF512}"
EndProject
Project("{9A19103F-16F7-4668-BE54-9A1E7A4F7556}") = "Develop05", "prove\Develop05\Develop05.csproj", "{0F1ABFFC-9D20-4661-8B67-885B5D20CA55}"
EndProject
Project("{2150E333-8FDC-42A3-9474-1A3956D46DE8}") = "sandbox", "sandbox", "{D627102C-B41E-4E6B-B1D9-7E819794D877}"
EndProject
Project("{9A19103F-16F7-4668-BE54-9A1E7A4F7556}") = "Sandbox", "sandbox\Sandbox\Sandbox.csproj", "{1A129E4A-310C-42F5-B5DC-0084D7649295}"
EndProject
Global
	GlobalSection(SolutionConfigurationPlatforms) = preSolution
		Debug|Any CPU = Debug|Any CPU
		Release|Any CPU = Release|Any CPU
	EndGlobalSection
	GlobalSection(ProjectConfigurationPlatforms) = postSolution
		{55C01619-E6ED-421A-815A-F0D56100A01B}.Debug|Any CPU.ActiveCfg = Debug|Any CPU
		{55C01619-E6ED-421A-815A-F0D56100A01B}.Debug|Any CPU.Build.0 = Debug|Any CPU
		{55C01619-E6ED-421A-815A-F0D56100A01B}.Release|Any CPU.ActiveCfg = Release|Any CPU
		{55C01619-E6ED-421A-815A-F0D56100A01B}.Release|Any CPU.Build.0 = Release|Any CPU
		{2B944CE4-EFC7-4BDA-A203-5D23F3F3781F}.Debug|Any CPU.ActiveCfg = Debug|Any CPU
		{2B944CE4-EFC7-4BDA-A203-5D23F3F3781F}.Debug|Any CPU.Build.0 = Debug|Any CPU
		{2B944CE4-EFC7-4BDA-A203-5D23F3F3781F}.Release|Any CPU.ActiveCfg = Release|Any CPU
		{2B944CE4-EFC7-4BDA-A203-5D23F3F3781F}.Release|Any CPU.Build.0 = Release|Any CPU
		{BDF2B602-F497-49BF-8AF8-3300EFE55269}.Debug|Any CPU.ActiveCfg = Debug|Any CPU
		{BDF2B602-F497-49BF-8AF8-3300EFE55269}.Debug|Any CPU.Build.0 = Debug|Any CPU
		{BDF2B602-F497-49BF-8AF8-3300EFE55269}.Release|Any CPU.ActiveCfg = Release|Any CPU
		{BDF2B602-F497-49BF-8AF8-3300EFE55269}.Release|Any CPU.Build.0 = Release|Any CPU
		{5A481357-10B8-42F5-9F72-B70F41752CF9}.Debug|Any CPU.ActiveCfg = Debug|Any CPU
		{5A481357-10B8-42F5-9F72-B70F41752CF9}.Debug|Any CPU.Build.0 = Debug|Any CPU
		{5A481357-10B8-42F5-9F72-B70F41752CF9}.Release|Any CPU.ActiveCfg = Release|Any CPU
		{5A481357-10B8-42F5-9F72-B70F41752CF9}.Release|Any CPU.Build.0 = Release|Any CPU
		{EB10C992-8445-4DEB-A04E-6E335B2DB122}.Debug|Any CPU.ActiveCfg = Debug|Any CPU
		{EB10C992-8445-4DEB-A04E-6E335B2DB122}.Debug|Any CPU.Build.0 = Debug|Any CPU
		{EB10C992-8445-4DEB-A04E-6E335B2DB122}.Release|Any CPU.ActiveCfg = Release|Any CPU
		{EB10C992-8445-4DEB-A04E-6E335B2DB122}.Release|Any CPU.Build.0 = Release|Any CPU
		{F99DC8C7-B644-4B9D-B937-1EC0F21C824A}.Debug|Any CPU.ActiveCfg = Debug|Any CPU
		{F99DC8C7-B644-4B9D-B937-1EC0F21C824A}.Debug|Any CPU.Build.0 = Debug|Any CPU
		{F99DC8C7-B644-4B9D-B937-1EC0F21C824A}.Release|Any CPU.ActiveCfg = Release|Any CPU
		{F99DC8C7-B644-4B9D-B937-1EC0F21C824A}.Release|Any CPU.Build.0 = Release|Any CPU
		{1B08B5DF-516A-4872-AF93-EFE7BF12CE78}.Debug|Any CPU.ActiveCfg = Debug|Any CPU
		{1B08B5DF-516A-4872-AF93-EFE7BF12CE78}.Debug|Any CPU.Build.0 = Debug|Any CPU
		{1B08B5DF-516A-4872-AF93-EFE7BF12CE78}.Release|Any CPU.ActiveCfg = Release|Any CPU
		{1B08B5DF-516A-4872-AF93-EFE7BF12CE78}.Release|Any CPU.Build.0 = Release|Any CPU
		{B51EEA77-5213-4745-9BEE-935CE63962E9}.Debug|Any CPU.ActiveCfg = Debug|Any CPU
		{B51EEA77-5213-4745-9BEE-935CE63962E9}.Debug|Any CPU.Build.0 = Debug|Any CPU
		{B51EEA77-5213-4745-9BEE-935CE63962E9}.Release|Any CPU.ActiveCfg = Release|Any CPU
		{B51EEA77-5213-4745-9BEE-935CE63962E9}.Release|Any CPU.Build.0 = Release|Any CPU
		{55391C21-4315-4F76-AC3A-72C4E614D2EE}.Debug|Any CPU.ActiveCfg = Debug|Any CPU
		{55391C21-4315-4F76-AC3A-72C4E614D2EE}.Debug|Any CPU.Build.0 = Debug|Any CPU
		{55391C21-4315-4F76-AC3A-72C4E614D2EE}.Release|Any CPU.ActiveCfg = Release|Any CPU
		{55391C21-4315-4F76-AC3A-72C4E614D2EE}.Release|Any CPU.Build.0 = Release|Any CPU
		{44C8574A-F57B-42D9-B8DD-1B451EBFE31C}.Debug|Any CPU.ActiveCfg = Debug|Any CPU
		{44C8574A-F57B-42D9-B8DD-1B451EBFE31C}.Debug|Any CPU.Build.0 = Debug|Any CPU
		{44C8574A-F57B-42D9-B8DD-1B451EBFE31C}.Release|Any CPU.ActiveCfg = Release|Any CPU
		{44C8574A-F57B-42D9-B8DD-1B451EBFE31C}.Release|Any CPU.Build.0 = Release|Any CPU
		{6432678F-FDB7-468D-AA65-1F631919B4B7}.Debug|Any CPU.ActiveCfg = Debug|Any CPU
		{6432678F-FDB7-468D-AA65-1F631919B4B7}.Debug|Any CPU.Build.0 = Debug|Any CPU
		{6432678F-FDB7-468D-AA65-1F631919B4B7}.Release|Any CPU.ActiveCfg = Release|Any CPU
		{6432678F-FDB7-468D-AA65-1F631919B4B7}.Release|Any CPU.Build.0 = Release|Any CPU
		{CBE91B9B-1B42-45EA-9B5E-5E4A5765780C}.Debug|Any CPU.ActiveCfg = Debug|Any CPU
		{CBE91B9B-1B42-45EA-9B5E-5E4A5765780C}.Debug|Any CPU.Build.0 = Debug|Any CPU
		{CBE91B9B-1B42-45EA-9B5E-5E4A5765780C}.Release|Any CPU.ActiveCfg = Release|Any CPU
		{CBE91B9B-1B42-45EA-9B5E-5E4A5765780C}.Release|Any CPU.Build.0 = Release|Any CPU
		{CC43F7D9-C439-4C3A-B510-CE903D1ABAEB}.Debug|Any CPU.ActiveCfg = Debug|Any CPU
		{CC43F7D9-C439-4C3A-B510-CE903D1ABAEB}.Debug|Any CPU.Build.0 = Debug|Any CPU
		{CC43F7D9-C439-4C3A-B510-CE903D1ABAEB}.Release|Any CPU.ActiveCfg = Release|Any CPU
		{CC43F7D9-C439-4C3A-B510-CE903D1ABAEB}.Release|Any CPU.Build.0 = Release|Any CPU
		{E3DA31AF-CA75-4B86-8C84-630ECFAC93C3}.Debug|Any CPU.ActiveCfg = Debug|Any CPU
		{E3DA31AF-CA75-4B86-8C84-630ECFAC93C3}.Debug|Any CPU.Build.0 = Debug|Any CPU
		{E3DA31AF-CA75-4B86-8C84-630ECFAC93C3}.Release|Any CPU.ActiveCfg = Release|Any CPU
		{E3DA31AF-CA75-4B86-8C84-630ECFAC93C3}.Release|Any CPU.Build.0 = Release|Any CPU
		{E9768237-DFD2-47BF-9D53-BBC84FB8C858}.Debug|Any CPU.ActiveCfg = Debug|Any CPU
		{E9768237-DFD2-47BF-9D53-BBC84FB8C858}.Debug|Any CPU.Build.0 = Debug|Any CPU
		{E9768237-DFD2-47BF-9D53-BBC84FB8C858}.Release|Any CPU.ActiveCfg = Release|Any CPU
		{E9768237-DFD2-47BF-9D53-BBC84FB8C858}.Release|Any CPU.Build.0 = Release|Any CPU
		{D028575A-8AA6-490D-B31E-294860844A41}.Debug|Any CPU.ActiveCfg = Debug|Any CPU
		{D028575A-8AA6-490D-B31E-294860844A41}.Debug|Any CPU.Build.0 = Debug|Any CPU
		{D028575A-8AA6-490D-B31E-294860844A41}.Release|Any CPU.ActiveCfg = Release|Any CPU
		{D028575A-8AA6-490D-B31E-294860844A41}.Release|Any CPU.Build.0 = Release|Any CPU
		{651E9E78-20E5-41DE-9AAC-FFC88E8DF512}.Debug|Any CPU.ActiveCfg = Debug|Any CPU
		{651E9E78-20E5-41DE-9AAC-FFC88E8DF512}.Debug|Any CPU.Build.0 = Debug|Any CPU
		{651E9E78-20E5-41DE-9AAC-FFC88E8DF512}.Release|Any CPU.ActiveCfg = Release|Any CPU
		{651E9E78-20E5-41DE-9AAC-FFC88E8DF512}.Release|Any CPU.Build.0 = Release|Any CPU
		{0F1ABFFC-9D20-4661-8B67-885B5D20CA55}.Debug|Any CPU.ActiveCfg = Debug|Any CPU
		{0F1ABFFC-9D20-4661-8B67-885B5D20CA55}.Debug|Any CPU.Build.0 = Debug|Any CPU
		{0F1ABFFC-9D20-4661-8B67-885B5D20CA55}.Release|Any CPU.ActiveCfg = Release|Any CPU
		{0F1ABFFC-9D20-4661-8B67-885B5D20CA55}.Release|Any CPU.Build.0 = Release|Any CPU
		{1A129E4A-310C-42F5-B5DC-0084D7649295}.Debug|Any CPU.ActiveCfg = Debug|Any CPU
		{1A129E4A-310C-42F5-B5DC-0084D7649295}.Debug|Any CPU.Build.0 = Debug|Any CPU
		{1A129E4A-310C-42F5-B5DC-0084D7649295}.Release|Any CPU.ActiveCfg = Release|Any CPU
		{1A129E4A-310C-42F5-B5DC-0084D7649295}.Release|Any CPU.Build.0 = Release|Any CPU
	EndGlobalSection
	GlobalSection(SolutionProperties) = preSolution
		HideSolutionNode = FALSE
	EndGlobalSection
	GlobalSection(NestedProjects) = preSolution
		{55C01619-E6ED-421A-815A-F0D56100A01B} = {2A542317-2905-4B50-A1F8-4DA6B2BBCC46}
		{2B944CE4-EFC7-4BDA-A203-5D23F3F3781F} = {2A542317-2905-4B50-A1F8-4DA6B2BBCC46}
		{BDF2B602-F497-49BF-8AF8-3300EFE55269} = {2A542317-2905-4B50-A1F8-4DA6B2BBCC46}
		{5A481357-10B8-42F5-9F72-B70F41752CF9} = {2A542317-2905-4B50-A1F8-4DA6B2BBCC46}
		{EB10C992-8445-4DEB-A04E-6E335B2DB122} = {2A542317-2905-4B50-A1F8-4DA6B2BBCC46}
		{F99DC8C7-B644-4B9D-B937-1EC0F21C824A} = {57A3380E-DB61-45F2-A293-F85B435E67F9}
		{1B08B5DF-516A-4872-AF93-EFE7BF12CE78} = {57A3380E-DB61-45F2-A293-F85B435E67F9}
		{B51EEA77-5213-4745-9BEE-935CE63962E9} = {57A3380E-DB61-45F2-A293-F85B435E67F9}
		{55391C21-4315-4F76-AC3A-72C4E614D2EE} = {57A3380E-DB61-45F2-A293-F85B435E67F9}
		{44C8574A-F57B-42D9-B8DD-1B451EBFE31C} = {57A3380E-DB61-45F2-A293-F85B435E67F9}
		{6432678F-FDB7-468D-AA65-1F631919B4B7} = {AC23D811-61FE-4EDF-80AE-11A00A4750D5}
		{CBE91B9B-1B42-45EA-9B5E-5E4A5765780C} = {AC23D811-61FE-4EDF-80AE-11A00A4750D5}
		{CC43F7D9-C439-4C3A-B510-CE903D1ABAEB} = {AC23D811-61FE-4EDF-80AE-11A00A4750D5}
		{E3DA31AF-CA75-4B86-8C84-630ECFAC93C3} = {AC23D811-61FE-4EDF-80AE-11A00A4750D5}
		{E9768237-DFD2-47BF-9D53-BBC84FB8C858} = {BC3AC7DD-B5E5-45C3-A0E8-E98CD3CEF533}
		{D028575A-8AA6-490D-B31E-294860844A41} = {BC3AC7DD-B5E5-45C3-A0E8-E98CD3CEF533}
		{651E9E78-20E5-41DE-9AAC-FFC88E8DF512} = {BC3AC7DD-B5E5-45C3-A0E8-E98CD3CEF533}
		{0F1ABFFC-9D20-4661-8B67-885B5D20CA55} = {BC3AC7DD-B5E5-45C3-A0E8-E98CD3CEF533}
		{1A129E4A-310C-42F5-B5DC-0084D7649295} = {D627102C-B41E-4E6B-B1D9-7E819794D877}
	EndGlobalSection
	GlobalSection(ExtensibilityGlobals) = postSolution
		SolutionGuid = {D013A687-FB82-4B75-9E54-41874FB5C700}
	EndGlobalSection
EndGlobal
